// !$*UTF8*$!
{
	archiveVersion = 1;
	classes = {
	};
	objectVersion = 56;
	objects = {

/* Begin PBXBuildFile section */
		6A1730EE2A848483004F517A /* spoti_myApp.swift in Sources */ = {isa = PBXBuildFile; fileRef = 6A1730ED2A848483004F517A /* spoti_myApp.swift */; };
		6A1730F02A848483004F517A /* ContentView.swift in Sources */ = {isa = PBXBuildFile; fileRef = 6A1730EF2A848483004F517A /* ContentView.swift */; };
		6A1730F22A848485004F517A /* Assets.xcassets in Resources */ = {isa = PBXBuildFile; fileRef = 6A1730F12A848485004F517A /* Assets.xcassets */; };
		6A1730F52A848485004F517A /* Preview Assets.xcassets in Resources */ = {isa = PBXBuildFile; fileRef = 6A1730F42A848485004F517A /* Preview Assets.xcassets */; };
		6A1730FC2A8485EC004F517A /* Home.swift in Sources */ = {isa = PBXBuildFile; fileRef = 6A1730FB2A8485EB004F517A /* Home.swift */; };
		6A1730FE2A848D83004F517A /* Color.swift in Sources */ = {isa = PBXBuildFile; fileRef = 6A1730FD2A848D83004F517A /* Color.swift */; };
		6A1731002A85DA10004F517A /* Search.swift in Sources */ = {isa = PBXBuildFile; fileRef = 6A1730FF2A85DA10004F517A /* Search.swift */; };
		6A1731022A85DA25004F517A /* My Library.swift in Sources */ = {isa = PBXBuildFile; fileRef = 6A1731012A85DA25004F517A /* My Library.swift */; };
		6A1731042A8746BA004F517A /* FilterButtons.swift in Sources */ = {isa = PBXBuildFile; fileRef = 6A1731032A8746BA004F517A /* FilterButtons.swift */; };
		6A1731062A874778004F517A /* RecentCol.swift in Sources */ = {isa = PBXBuildFile; fileRef = 6A1731052A874778004F517A /* RecentCol.swift */; };
		6A1731082A8748DD004F517A /* IndieAlbums.swift in Sources */ = {isa = PBXBuildFile; fileRef = 6A1731072A8748DD004F517A /* IndieAlbums.swift */; };
		6A17310A2A874908004F517A /* JumpBackIn.swift in Sources */ = {isa = PBXBuildFile; fileRef = 6A1731092A874908004F517A /* JumpBackIn.swift */; };
		6A28AEAE2A88172A00F5F023 /* NowListening.swift in Sources */ = {isa = PBXBuildFile; fileRef = 6A28AEAD2A88172A00F5F023 /* NowListening.swift */; };
/* End PBXBuildFile section */

/* Begin PBXFileReference section */
		6A1730EA2A848483004F517A /* spoti-my.app */ = {isa = PBXFileReference; explicitFileType = wrapper.application; includeInIndex = 0; path = "spoti-my.app"; sourceTree = BUILT_PRODUCTS_DIR; };
		6A1730ED2A848483004F517A /* spoti_myApp.swift */ = {isa = PBXFileReference; lastKnownFileType = sourcecode.swift; path = spoti_myApp.swift; sourceTree = "<group>"; };
		6A1730EF2A848483004F517A /* ContentView.swift */ = {isa = PBXFileReference; lastKnownFileType = sourcecode.swift; path = ContentView.swift; sourceTree = "<group>"; };
		6A1730F12A848485004F517A /* Assets.xcassets */ = {isa = PBXFileReference; lastKnownFileType = folder.assetcatalog; path = Assets.xcassets; sourceTree = "<group>"; };
		6A1730F42A848485004F517A /* Preview Assets.xcassets */ = {isa = PBXFileReference; lastKnownFileType = folder.assetcatalog; path = "Preview Assets.xcassets"; sourceTree = "<group>"; };
		6A1730FB2A8485EB004F517A /* Home.swift */ = {isa = PBXFileReference; lastKnownFileType = sourcecode.swift; path = Home.swift; sourceTree = "<group>"; };
		6A1730FD2A848D83004F517A /* Color.swift */ = {isa = PBXFileReference; lastKnownFileType = sourcecode.swift; path = Color.swift; sourceTree = "<group>"; };
		6A1730FF2A85DA10004F517A /* Search.swift */ = {isa = PBXFileReference; lastKnownFileType = sourcecode.swift; path = Search.swift; sourceTree = "<group>"; };
		6A1731012A85DA25004F517A /* My Library.swift */ = {isa = PBXFileReference; lastKnownFileType = sourcecode.swift; path = "My Library.swift"; sourceTree = "<group>"; };
		6A1731032A8746BA004F517A /* FilterButtons.swift */ = {isa = PBXFileReference; lastKnownFileType = sourcecode.swift; path = FilterButtons.swift; sourceTree = "<group>"; };
		6A1731052A874778004F517A /* RecentCol.swift */ = {isa = PBXFileReference; lastKnownFileType = sourcecode.swift; path = RecentCol.swift; sourceTree = "<group>"; };
		6A1731072A8748DD004F517A /* IndieAlbums.swift */ = {isa = PBXFileReference; lastKnownFileType = sourcecode.swift; path = IndieAlbums.swift; sourceTree = "<group>"; };
		6A1731092A874908004F517A /* JumpBackIn.swift */ = {isa = PBXFileReference; lastKnownFileType = sourcecode.swift; path = JumpBackIn.swift; sourceTree = "<group>"; };
		6A28AEAD2A88172A00F5F023 /* NowListening.swift */ = {isa = PBXFileReference; lastKnownFileType = sourcecode.swift; path = NowListening.swift; sourceTree = "<group>"; };
/* End PBXFileReference section */

/* Begin PBXFrameworksBuildPhase section */
		6A1730E72A848483004F517A /* Frameworks */ = {
			isa = PBXFrameworksBuildPhase;
			buildActionMask = 2147483647;
			files = (
			);
			runOnlyForDeploymentPostprocessing = 0;
		};
/* End PBXFrameworksBuildPhase section */

/* Begin PBXGroup section */
		6A1730E12A848483004F517A = {
			isa = PBXGroup;
			children = (
				6A1730EC2A848483004F517A /* spoti-my */,
				6A1730EB2A848483004F517A /* Products */,
			);
			sourceTree = "<group>";
		};
		6A1730EB2A848483004F517A /* Products */ = {
			isa = PBXGroup;
			children = (
				6A1730EA2A848483004F517A /* spoti-my.app */,
			);
			name = Products;
			sourceTree = "<group>";
		};
		6A1730EC2A848483004F517A /* spoti-my */ = {
			isa = PBXGroup;
			children = (
				6A28AEAD2A88172A00F5F023 /* NowListening.swift */,
				6A1731092A874908004F517A /* JumpBackIn.swift */,
				6A1731072A8748DD004F517A /* IndieAlbums.swift */,
				6A1731052A874778004F517A /* RecentCol.swift */,
				6A1731032A8746BA004F517A /* FilterButtons.swift */,
				6A1730FB2A8485EB004F517A /* Home.swift */,
				6A1731012A85DA25004F517A /* My Library.swift */,
				6A1730FF2A85DA10004F517A /* Search.swift */,
				6A1730ED2A848483004F517A /* spoti_myApp.swift */,
				6A1730EF2A848483004F517A /* ContentView.swift */,
				6A1730FD2A848D83004F517A /* Color.swift */,
				6A1730F12A848485004F517A /* Assets.xcassets */,
				6A1730F32A848485004F517A /* Preview Content */,
			);
			path = "spoti-my";
			sourceTree = "<group>";
		};
		6A1730F32A848485004F517A /* Preview Content */ = {
			isa = PBXGroup;
			children = (
				6A1730F42A848485004F517A /* Preview Assets.xcassets */,
			);
			path = "Preview Content";
			sourceTree = "<group>";
		};
/* End PBXGroup section */

/* Begin PBXNativeTarget section */
		6A1730E92A848483004F517A /* spoti-my */ = {
			isa = PBXNativeTarget;
			buildConfigurationList = 6A1730F82A848485004F517A /* Build configuration list for PBXNativeTarget "spoti-my" */;
			buildPhases = (
				6A1730E62A848483004F517A /* Sources */,
				6A1730E72A848483004F517A /* Frameworks */,
				6A1730E82A848483004F517A /* Resources */,
			);
			buildRules = (
			);
			dependencies = (
			);
			name = "spoti-my";
			productName = "spoti-my";
			productReference = 6A1730EA2A848483004F517A /* spoti-my.app */;
			productType = "com.apple.product-type.application";
		};
/* End PBXNativeTarget section */

/* Begin PBXProject section */
		6A1730E22A848483004F517A /* Project object */ = {
			isa = PBXProject;
			attributes = {
				BuildIndependentTargetsInParallel = 1;
				LastSwiftUpdateCheck = 1430;
				LastUpgradeCheck = 1430;
				TargetAttributes = {
					6A1730E92A848483004F517A = {
						CreatedOnToolsVersion = 14.3;
					};
				};
			};
			buildConfigurationList = 6A1730E52A848483004F517A /* Build configuration list for PBXProject "spoti-my" */;
			compatibilityVersion = "Xcode 14.0";
			developmentRegion = en;
			hasScannedForEncodings = 0;
			knownRegions = (
				en,
				Base,
			);
			mainGroup = 6A1730E12A848483004F517A;
			productRefGroup = 6A1730EB2A848483004F517A /* Products */;
			projectDirPath = "";
			projectRoot = "";
			targets = (
				6A1730E92A848483004F517A /* spoti-my */,
			);
		};
/* End PBXProject section */

/* Begin PBXResourcesBuildPhase section */
		6A1730E82A848483004F517A /* Resources */ = {
			isa = PBXResourcesBuildPhase;
			buildActionMask = 2147483647;
			files = (
				6A1730F52A848485004F517A /* Preview Assets.xcassets in Resources */,
				6A1730F22A848485004F517A /* Assets.xcassets in Resources */,
			);
			runOnlyForDeploymentPostprocessing = 0;
		};
/* End PBXResourcesBuildPhase section */

/* Begin PBXSourcesBuildPhase section */
		6A1730E62A848483004F517A /* Sources */ = {
			isa = PBXSourcesBuildPhase;
			buildActionMask = 2147483647;
			files = (
				6A28AEAE2A88172A00F5F023 /* NowListening.swift in Sources */,
				6A1730F02A848483004F517A /* ContentView.swift in Sources */,
				6A1730FE2A848D83004F517A /* Color.swift in Sources */,
				6A1731002A85DA10004F517A /* Search.swift in Sources */,
				6A17310A2A874908004F517A /* JumpBackIn.swift in Sources */,
				6A1731062A874778004F517A /* RecentCol.swift in Sources */,
				6A1731042A8746BA004F517A /* FilterButtons.swift in Sources */,
				6A1731082A8748DD004F517A /* IndieAlbums.swift in Sources */,
				6A1730FC2A8485EC004F517A /* Home.swift in Sources */,
				6A1731022A85DA25004F517A /* My Library.swift in Sources */,
				6A1730EE2A848483004F517A /* spoti_myApp.swift in Sources */,
			);
			runOnlyForDeploymentPostprocessing = 0;
		};
/* End PBXSourcesBuildPhase section */

/* Begin XCBuildConfiguration section */
		6A1730F62A848485004F517A /* Debug */ = {
			isa = XCBuildConfiguration;
			buildSettings = {
				ALWAYS_SEARCH_USER_PATHS = NO;
				CLANG_ANALYZER_NONNULL = YES;
				CLANG_ANALYZER_NUMBER_OBJECT_CONVERSION = YES_AGGRESSIVE;
				CLANG_CXX_LANGUAGE_STANDARD = "gnu++20";
				CLANG_ENABLE_MODULES = YES;
				CLANG_ENABLE_OBJC_ARC = YES;
				CLANG_ENABLE_OBJC_WEAK = YES;
				CLANG_WARN_BLOCK_CAPTURE_AUTORELEASING = YES;
				CLANG_WARN_BOOL_CONVERSION = YES;
				CLANG_WARN_COMMA = YES;
				CLANG_WARN_CONSTANT_CONVERSION = YES;
				CLANG_WARN_DEPRECATED_OBJC_IMPLEMENTATIONS = YES;
				CLANG_WARN_DIRECT_OBJC_ISA_USAGE = YES_ERROR;
				CLANG_WARN_DOCUMENTATION_COMMENTS = YES;
				CLANG_WARN_EMPTY_BODY = YES;
				CLANG_WARN_ENUM_CONVERSION = YES;
				CLANG_WARN_INFINITE_RECURSION = YES;
				CLANG_WARN_INT_CONVERSION = YES;
				CLANG_WARN_NON_LITERAL_NULL_CONVERSION = YES;
				CLANG_WARN_OBJC_IMPLICIT_RETAIN_SELF = YES;
				CLANG_WARN_OBJC_LITERAL_CONVERSION = YES;
				CLANG_WARN_OBJC_ROOT_CLASS = YES_ERROR;
				CLANG_WARN_QUOTED_INCLUDE_IN_FRAMEWORK_HEADER = YES;
				CLANG_WARN_RANGE_LOOP_ANALYSIS = YES;
				CLANG_WARN_STRICT_PROTOTYPES = YES;
				CLANG_WARN_SUSPICIOUS_MOVE = YES;
				CLANG_WARN_UNGUARDED_AVAILABILITY = YES_AGGRESSIVE;
				CLANG_WARN_UNREACHABLE_CODE = YES;
				CLANG_WARN__DUPLICATE_METHOD_MATCH = YES;
				COPY_PHASE_STRIP = NO;
				DEBUG_INFORMATION_FORMAT = dwarf;
				ENABLE_STRICT_OBJC_MSGSEND = YES;
				ENABLE_TESTABILITY = YES;
				GCC_C_LANGUAGE_STANDARD = gnu11;
				GCC_DYNAMIC_NO_PIC = NO;
				GCC_NO_COMMON_BLOCKS = YES;
				GCC_OPTIMIZATION_LEVEL = 0;
				GCC_PREPROCESSOR_DEFINITIONS = (
					"DEBUG=1",
					"$(inherited)",
				);
				GCC_WARN_64_TO_32_BIT_CONVERSION = YES;
				GCC_WARN_ABOUT_RETURN_TYPE = YES_ERROR;
				GCC_WARN_UNDECLARED_SELECTOR = YES;
				GCC_WARN_UNINITIALIZED_AUTOS = YES_AGGRESSIVE;
				GCC_WARN_UNUSED_FUNCTION = YES;
				GCC_WARN_UNUSED_VARIABLE = YES;
				IPHONEOS_DEPLOYMENT_TARGET = 16.4;
				MTL_ENABLE_DEBUG_INFO = INCLUDE_SOURCE;
				MTL_FAST_MATH = YES;
				ONLY_ACTIVE_ARCH = YES;
				SDKROOT = iphoneos;
				SWIFT_ACTIVE_COMPILATION_CONDITIONS = DEBUG;
				SWIFT_OPTIMIZATION_LEVEL = "-Onone";
			};
			name = Debug;
		};
		6A1730F72A848485004F517A /* Release */ = {
			isa = XCBuildConfiguration;
			buildSettings = {
				ALWAYS_SEARCH_USER_PATHS = NO;
				CLANG_ANALYZER_NONNULL = YES;
				CLANG_ANALYZER_NUMBER_OBJECT_CONVERSION = YES_AGGRESSIVE;
				CLANG_CXX_LANGUAGE_STANDARD = "gnu++20";
				CLANG_ENABLE_MODULES = YES;
				CLANG_ENABLE_OBJC_ARC = YES;
				CLANG_ENABLE_OBJC_WEAK = YES;
				CLANG_WARN_BLOCK_CAPTURE_AUTORELEASING = YES;
				CLANG_WARN_BOOL_CONVERSION = YES;
				CLANG_WARN_COMMA = YES;
				CLANG_WARN_CONSTANT_CONVERSION = YES;
				CLANG_WARN_DEPRECATED_OBJC_IMPLEMENTATIONS = YES;
				CLANG_WARN_DIRECT_OBJC_ISA_USAGE = YES_ERROR;
				CLANG_WARN_DOCUMENTATION_COMMENTS = YES;
				CLANG_WARN_EMPTY_BODY = YES;
				CLANG_WARN_ENUM_CONVERSION = YES;
				CLANG_WARN_INFINITE_RECURSION = YES;
				CLANG_WARN_INT_CONVERSION = YES;
				CLANG_WARN_NON_LITERAL_NULL_CONVERSION = YES;
				CLANG_WARN_OBJC_IMPLICIT_RETAIN_SELF = YES;
				CLANG_WARN_OBJC_LITERAL_CONVERSION = YES;
				CLANG_WARN_OBJC_ROOT_CLASS = YES_ERROR;
				CLANG_WARN_QUOTED_INCLUDE_IN_FRAMEWORK_HEADER = YES;
				CLANG_WARN_RANGE_LOOP_ANALYSIS = YES;
				CLANG_WARN_STRICT_PROTOTYPES = YES;
				CLANG_WARN_SUSPICIOUS_MOVE = YES;
				CLANG_WARN_UNGUARDED_AVAILABILITY = YES_AGGRESSIVE;
				CLANG_WARN_UNREACHABLE_CODE = YES;
				CLANG_WARN__DUPLICATE_METHOD_MATCH = YES;
				COPY_PHASE_STRIP = NO;
				DEBUG_INFORMATION_FORMAT = "dwarf-with-dsym";
				ENABLE_NS_ASSERTIONS = NO;
				ENABLE_STRICT_OBJC_MSGSEND = YES;
				GCC_C_LANGUAGE_STANDARD = gnu11;
				GCC_NO_COMMON_BLOCKS = YES;
				GCC_WARN_64_TO_32_BIT_CONVERSION = YES;
				GCC_WARN_ABOUT_RETURN_TYPE = YES_ERROR;
				GCC_WARN_UNDECLARED_SELECTOR = YES;
				GCC_WARN_UNINITIALIZED_AUTOS = YES_AGGRESSIVE;
				GCC_WARN_UNUSED_FUNCTION = YES;
				GCC_WARN_UNUSED_VARIABLE = YES;
				IPHONEOS_DEPLOYMENT_TARGET = 16.4;
				MTL_ENABLE_DEBUG_INFO = NO;
				MTL_FAST_MATH = YES;
				SDKROOT = iphoneos;
				SWIFT_COMPILATION_MODE = wholemodule;
				SWIFT_OPTIMIZATION_LEVEL = "-O";
				VALIDATE_PRODUCT = YES;
			};
			name = Release;
		};
		6A1730F92A848485004F517A /* Debug */ = {
			isa = XCBuildConfiguration;
			buildSettings = {
				ASSETCATALOG_COMPILER_APPICON_NAME = AppIcon;
				ASSETCATALOG_COMPILER_GLOBAL_ACCENT_COLOR_NAME = AccentColor;
				CODE_SIGN_STYLE = Automatic;
				CURRENT_PROJECT_VERSION = 1;
				DEVELOPMENT_ASSET_PATHS = "\"spoti-my/Preview Content\"";
				DEVELOPMENT_TEAM = T5RNGB2P9J;
				ENABLE_PREVIEWS = YES;
				GENERATE_INFOPLIST_FILE = YES;
				INFOPLIST_KEY_UIApplicationSceneManifest_Generation = YES;
				INFOPLIST_KEY_UIApplicationSupportsIndirectInputEvents = YES;
				INFOPLIST_KEY_UILaunchScreen_Generation = YES;
				INFOPLIST_KEY_UISupportedInterfaceOrientations_iPad = "UIInterfaceOrientationPortrait UIInterfaceOrientationPortraitUpsideDown UIInterfaceOrientationLandscapeLeft UIInterfaceOrientationLandscapeRight";
				INFOPLIST_KEY_UISupportedInterfaceOrientations_iPhone = "UIInterfaceOrientationPortrait UIInterfaceOrientationLandscapeLeft UIInterfaceOrientationLandscapeRight";
				LD_RUNPATH_SEARCH_PATHS = (
					"$(inherited)",
					"@executable_path/Frameworks",
				);
				MARKETING_VERSION = 1.0;
				PRODUCT_BUNDLE_IDENTIFIER = "finnbledsoe.spoti-my";
				PRODUCT_NAME = "$(TARGET_NAME)";
				SWIFT_EMIT_LOC_STRINGS = YES;
				SWIFT_VERSION = 5.0;
				TARGETED_DEVICE_FAMILY = "1,2";
			};
			name = Debug;
		};
		6A1730FA2A848485004F517A /* Release */ = {
			isa = XCBuildConfiguration;
			buildSettings = {
				ASSETCATALOG_COMPILER_APPICON_NAME = AppIcon;
				ASSETCATALOG_COMPILER_GLOBAL_ACCENT_COLOR_NAME = AccentColor;
				CODE_SIGN_STYLE = Automatic;
				CURRENT_PROJECT_VERSION = 1;
				DEVELOPMENT_ASSET_PATHS = "\"spoti-my/Preview Content\"";
				DEVELOPMENT_TEAM = T5RNGB2P9J;
				ENABLE_PREVIEWS = YES;
				GENERATE_INFOPLIST_FILE = YES;
				INFOPLIST_KEY_UIApplicationSceneManifest_Generation = YES;
				INFOPLIST_KEY_UIApplicationSupportsIndirectInputEvents = YES;
				INFOPLIST_KEY_UILaunchScreen_Generation = YES;
				INFOPLIST_KEY_UISupportedInterfaceOrientations_iPad = "UIInterfaceOrientationPortrait UIInterfaceOrientationPortraitUpsideDown UIInterfaceOrientationLandscapeLeft UIInterfaceOrientationLandscapeRight";
				INFOPLIST_KEY_UISupportedInterfaceOrientations_iPhone = "UIInterfaceOrientationPortrait UIInterfaceOrientationLandscapeLeft UIInterfaceOrientationLandscapeRight";
				LD_RUNPATH_SEARCH_PATHS = (
					"$(inherited)",
					"@executable_path/Frameworks",
				);
				MARKETING_VERSION = 1.0;
				PRODUCT_BUNDLE_IDENTIFIER = "finnbledsoe.spoti-my";
				PRODUCT_NAME = "$(TARGET_NAME)";
				SWIFT_EMIT_LOC_STRINGS = YES;
				SWIFT_VERSION = 5.0;
				TARGETED_DEVICE_FAMILY = "1,2";
			};
			name = Release;
		};
/* End XCBuildConfiguration section */

/* Begin XCConfigurationList section */
		6A1730E52A848483004F517A /* Build configuration list for PBXProject "spoti-my" */ = {
			isa = XCConfigurationList;
			buildConfigurations = (
				6A1730F62A848485004F517A /* Debug */,
				6A1730F72A848485004F517A /* Release */,
			);
			defaultConfigurationIsVisible = 0;
			defaultConfigurationName = Release;
		};
		6A1730F82A848485004F517A /* Build configuration list for PBXNativeTarget "spoti-my" */ = {
			isa = XCConfigurationList;
			buildConfigurations = (
				6A1730F92A848485004F517A /* Debug */,
				6A1730FA2A848485004F517A /* Release */,
			);
			defaultConfigurationIsVisible = 0;
			defaultConfigurationName = Release;
		};
/* End XCConfigurationList section */
	};
	rootObject = 6A1730E22A848483004F517A /* Project object */;
}
